{
  "nodes": {
    "disko": {
      "inputs": {
        "nixpkgs": [
          "nixpkgs"
        ]
      },
      "locked": {
        "lastModified": 1753140376,
        "narHash": "sha256-7lrVrE0jSvZHrxEzvnfHFE/Wkk9DDqb+mYCodI5uuB8=",
        "owner": "nix-community",
        "repo": "disko",
        "rev": "545aba02960caa78a31bd9a8709a0ad4b6320a5c",
        "type": "github"
      },
      "original": {
        "owner": "nix-community",
        "repo": "disko",
        "type": "github"
      }
    },
    "nixpkgs": {
      "locked": {
        "lastModified": 1752470593,
        "narHash": "sha256-oyxOUlhgefvuAr22ozonyeT/QYvsTFX3U+pLxElU66k=",
        "owner": "quentinmit",
        "repo": "nixpkgs",
        "rev": "3059b9f53a203cc663b205fc4435c1ade80be36f",
        "type": "github"
      },
      "original": {
        "owner": "quentinmit",
        "ref": "openafs-cellservdb",
        "repo": "nixpkgs",
        "type": "github"
      }
    },
    "root": {
      "inputs": {
        "disko": "disko",
        "nixpkgs": "nixpkgs"
      }
    }
  },
  "root": "root",
  "version": 7
}
