{
  "nodes": {
    "nixpkgs": {
      "locked": {
        "lastModified": 1752470593,
        "narHash": "sha256-oyxOUlhgefvuAr22ozonyeT/QYvsTFX3U+pLxElU66k=",
        "owner": "quentinmit",
        "repo": "nixpkgs",
        "rev": "3059b9f53a203cc663b205fc4435c1ade80be36f",
        "type": "github"
      },
      "original": {
        "owner": "quentinmit",
        "ref": "openafs-cellservdb",
        "repo": "nixpkgs",
        "type": "github"
      }
    },
    "root": {
      "inputs": {
        "nixpkgs": "nixpkgs"
      }
    }
  },
  "root": "root",
  "version": 7
}
